// !$*UTF8*$!
{
	archiveVersion = 1;
	classes = {
	};
	objectVersion = 55;
	objects = {

/* Begin PBXBuildFile section */
		6DD2E0F62853D48B0040BAE8 /* AppDelegate.swift in Sources */ = {isa = PBXBuildFile; fileRef = 6DD2E0F52853D48B0040BAE8 /* AppDelegate.swift */; };
		6DD2E0F82853D48B0040BAE8 /* SceneDelegate.swift in Sources */ = {isa = PBXBuildFile; fileRef = 6DD2E0F72853D48B0040BAE8 /* SceneDelegate.swift */; };
		6DD2E0FA2853D48B0040BAE8 /* ViewController.swift in Sources */ = {isa = PBXBuildFile; fileRef = 6DD2E0F92853D48B0040BAE8 /* ViewController.swift */; };
		6DD2E0FD2853D48B0040BAE8 /* Main.storyboard in Resources */ = {isa = PBXBuildFile; fileRef = 6DD2E0FB2853D48B0040BAE8 /* Main.storyboard */; };
		6DD2E0FF2853D49C0040BAE8 /* Assets.xcassets in Resources */ = {isa = PBXBuildFile; fileRef = 6DD2E0FE2853D49C0040BAE8 /* Assets.xcassets */; };
		6DD2E1022853D49C0040BAE8 /* LaunchScreen.storyboard in Resources */ = {isa = PBXBuildFile; fileRef = 6DD2E1002853D49C0040BAE8 /* LaunchScreen.storyboard */; };
		6DD2E10D2853D6AE0040BAE8 /* DogAPI.swift in Sources */ = {isa = PBXBuildFile; fileRef = 6DD2E10C2853D6AE0040BAE8 /* DogAPI.swift */; };
		6DD2E1102853EB160040BAE8 /* DogImage.swift in Sources */ = {isa = PBXBuildFile; fileRef = 6DD2E10F2853EB160040BAE8 /* DogImage.swift */; };
		6DD2E11228697AAB0040BAE8 /* Breeds.swift in Sources */ = {isa = PBXBuildFile; fileRef = 6DD2E11128697AAB0040BAE8 /* Breeds.swift */; };
/* End PBXBuildFile section */

/* Begin PBXFileReference section */
		6DD2E0F22853D48B0040BAE8 /* DogAPI.app */ = {isa = PBXFileReference; explicitFileType = wrapper.application; includeInIndex = 0; path = DogAPI.app; sourceTree = BUILT_PRODUCTS_DIR; };
		6DD2E0F52853D48B0040BAE8 /* AppDelegate.swift */ = {isa = PBXFileReference; lastKnownFileType = sourcecode.swift; path = AppDelegate.swift; sourceTree = "<group>"; };
		6DD2E0F72853D48B0040BAE8 /* SceneDelegate.swift */ = {isa = PBXFileReference; lastKnownFileType = sourcecode.swift; path = SceneDelegate.swift; sourceTree = "<group>"; };
		6DD2E0F92853D48B0040BAE8 /* ViewController.swift */ = {isa = PBXFileReference; lastKnownFileType = sourcecode.swift; path = ViewController.swift; sourceTree = "<group>"; };
		6DD2E0FC2853D48B0040BAE8 /* Base */ = {isa = PBXFileReference; lastKnownFileType = file.storyboard; name = Base; path = Base.lproj/Main.storyboard; sourceTree = "<group>"; };
		6DD2E0FE2853D49C0040BAE8 /* Assets.xcassets */ = {isa = PBXFileReference; lastKnownFileType = folder.assetcatalog; path = Assets.xcassets; sourceTree = "<group>"; };
		6DD2E1012853D49C0040BAE8 /* Base */ = {isa = PBXFileReference; lastKnownFileType = file.storyboard; name = Base; path = Base.lproj/LaunchScreen.storyboard; sourceTree = "<group>"; };
		6DD2E1032853D49C0040BAE8 /* Info.plist */ = {isa = PBXFileReference; lastKnownFileType = text.plist.xml; path = Info.plist; sourceTree = "<group>"; };
		6DD2E10C2853D6AE0040BAE8 /* DogAPI.swift */ = {isa = PBXFileReference; lastKnownFileType = sourcecode.swift; path = DogAPI.swift; sourceTree = "<group>"; };
		6DD2E10F2853EB160040BAE8 /* DogImage.swift */ = {isa = PBXFileReference; lastKnownFileType = sourcecode.swift; path = DogImage.swift; sourceTree = "<group>"; };
		6DD2E11128697AAB0040BAE8 /* Breeds.swift */ = {isa = PBXFileReference; lastKnownFileType = sourcecode.swift; path = Breeds.swift; sourceTree = "<group>"; };
/* End PBXFileReference section */

/* Begin PBXFrameworksBuildPhase section */
		6DD2E0EF2853D48B0040BAE8 /* Frameworks */ = {
			isa = PBXFrameworksBuildPhase;
			buildActionMask = 2147483647;
			files = (
			);
			runOnlyForDeploymentPostprocessing = 0;
		};
/* End PBXFrameworksBuildPhase section */

/* Begin PBXGroup section */
		6DD2E0E92853D48A0040BAE8 = {
			isa = PBXGroup;
			children = (
				6DD2E0F42853D48B0040BAE8 /* DogAPI */,
				6DD2E0F32853D48B0040BAE8 /* Products */,
			);
			sourceTree = "<group>";
		};
		6DD2E0F32853D48B0040BAE8 /* Products */ = {
			isa = PBXGroup;
			children = (
				6DD2E0F22853D48B0040BAE8 /* DogAPI.app */,
			);
			name = Products;
			sourceTree = "<group>";
		};
		6DD2E0F42853D48B0040BAE8 /* DogAPI */ = {
			isa = PBXGroup;
			children = (
				6DD2E10B2853D6990040BAE8 /* Model */,
				6DD2E10A2853D56D0040BAE8 /* Controller */,
				6DD2E1092853D5660040BAE8 /* View */,
				6DD2E1032853D49C0040BAE8 /* Info.plist */,
			);
			path = DogAPI;
			sourceTree = "<group>";
		};
		6DD2E1092853D5660040BAE8 /* View */ = {
			isa = PBXGroup;
			children = (
				6DD2E0FB2853D48B0040BAE8 /* Main.storyboard */,
				6DD2E0FE2853D49C0040BAE8 /* Assets.xcassets */,
				6DD2E1002853D49C0040BAE8 /* LaunchScreen.storyboard */,
			);
			path = View;
			sourceTree = "<group>";
		};
		6DD2E10A2853D56D0040BAE8 /* Controller */ = {
			isa = PBXGroup;
			children = (
				6DD2E0F92853D48B0040BAE8 /* ViewController.swift */,
				6DD2E0F52853D48B0040BAE8 /* AppDelegate.swift */,
				6DD2E0F72853D48B0040BAE8 /* SceneDelegate.swift */,
			);
			path = Controller;
			sourceTree = "<group>";
		};
		6DD2E10B2853D6990040BAE8 /* Model */ = {
			isa = PBXGroup;
			children = (
				6DD2E10C2853D6AE0040BAE8 /* DogAPI.swift */,
				6DD2E10F2853EB160040BAE8 /* DogImage.swift */,
				6DD2E11128697AAB0040BAE8 /* Breeds.swift */,
			);
			path = Model;
			sourceTree = "<group>";
		};
/* End PBXGroup section */

/* Begin PBXNativeTarget section */
		6DD2E0F12853D48B0040BAE8 /* DogAPI */ = {
			isa = PBXNativeTarget;
			buildConfigurationList = 6DD2E1062853D49C0040BAE8 /* Build configuration list for PBXNativeTarget "DogAPI" */;
			buildPhases = (
				6DD2E0EE2853D48B0040BAE8 /* Sources */,
				6DD2E0EF2853D48B0040BAE8 /* Frameworks */,
				6DD2E0F02853D48B0040BAE8 /* Resources */,
			);
			buildRules = (
			);
			dependencies = (
			);
			name = DogAPI;
			productName = DogAPI;
			productReference = 6DD2E0F22853D48B0040BAE8 /* DogAPI.app */;
			productType = "com.apple.product-type.application";
		};
/* End PBXNativeTarget section */

/* Begin PBXProject section */
		6DD2E0EA2853D48A0040BAE8 /* Project object */ = {
			isa = PBXProject;
			attributes = {
				BuildIndependentTargetsInParallel = 1;
				LastSwiftUpdateCheck = 1330;
				LastUpgradeCheck = 1330;
				TargetAttributes = {
					6DD2E0F12853D48B0040BAE8 = {
						CreatedOnToolsVersion = 13.3;
					};
				};
			};
			buildConfigurationList = 6DD2E0ED2853D48A0040BAE8 /* Build configuration list for PBXProject "DogAPI" */;
			compatibilityVersion = "Xcode 13.0";
			developmentRegion = en;
			hasScannedForEncodings = 0;
			knownRegions = (
				en,
				Base,
			);
			mainGroup = 6DD2E0E92853D48A0040BAE8;
			productRefGroup = 6DD2E0F32853D48B0040BAE8 /* Products */;
			projectDirPath = "";
			projectRoot = "";
			targets = (
				6DD2E0F12853D48B0040BAE8 /* DogAPI */,
			);
		};
/* End PBXProject section */

/* Begin PBXResourcesBuildPhase section */
		6DD2E0F02853D48B0040BAE8 /* Resources */ = {
			isa = PBXResourcesBuildPhase;
			buildActionMask = 2147483647;
			files = (
				6DD2E1022853D49C0040BAE8 /* LaunchScreen.storyboard in Resources */,
				6DD2E0FF2853D49C0040BAE8 /* Assets.xcassets in Resources */,
				6DD2E0FD2853D48B0040BAE8 /* Main.storyboard in Resources */,
			);
			runOnlyForDeploymentPostprocessing = 0;
		};
/* End PBXResourcesBuildPhase section */

/* Begin PBXSourcesBuildPhase section */
		6DD2E0EE2853D48B0040BAE8 /* Sources */ = {
			isa = PBXSourcesBuildPhase;
			buildActionMask = 2147483647;
			files = (
				6DD2E0FA2853D48B0040BAE8 /* ViewController.swift in Sources */,
				6DD2E1102853EB160040BAE8 /* DogImage.swift in Sources */,
				6DD2E0F62853D48B0040BAE8 /* AppDelegate.swift in Sources */,
				6DD2E0F82853D48B0040BAE8 /* SceneDelegate.swift in Sources */,
				6DD2E11228697AAB0040BAE8 /* Breeds.swift in Sources */,
				6DD2E10D2853D6AE0040BAE8 /* DogAPI.swift in Sources */,
			);
			runOnlyForDeploymentPostprocessing = 0;
		};
/* End PBXSourcesBuildPhase section */

/* Begin PBXVariantGroup section */
		6DD2E0FB2853D48B0040BAE8 /* Main.storyboard */ = {
			isa = PBXVariantGroup;
			children = (
				6DD2E0FC2853D48B0040BAE8 /* Base */,
			);
			name = Main.storyboard;
			sourceTree = "<group>";
		};
		6DD2E1002853D49C0040BAE8 /* LaunchScreen.storyboard */ = {
			isa = PBXVariantGroup;
			children = (
				6DD2E1012853D49C0040BAE8 /* Base */,
			);
			name = LaunchScreen.storyboard;
			sourceTree = "<group>";
		};
/* End PBXVariantGroup section */

/* Begin XCBuildConfiguration section */
		6DD2E1042853D49C0040BAE8 /* Debug */ = {
			isa = XCBuildConfiguration;
			buildSettings = {
				ALWAYS_SEARCH_USER_PATHS = NO;
				CLANG_ANALYZER_NONNULL = YES;
				CLANG_ANALYZER_NUMBER_OBJECT_CONVERSION = YES_AGGRESSIVE;
				CLANG_CXX_LANGUAGE_STANDARD = "gnu++17";
				CLANG_ENABLE_MODULES = YES;
				CLANG_ENABLE_OBJC_ARC = YES;
				CLANG_ENABLE_OBJC_WEAK = YES;
				CLANG_WARN_BLOCK_CAPTURE_AUTORELEASING = YES;
				CLANG_WARN_BOOL_CONVERSION = YES;
				CLANG_WARN_COMMA = YES;
				CLANG_WARN_CONSTANT_CONVERSION = YES;
				CLANG_WARN_DEPRECATED_OBJC_IMPLEMENTATIONS = YES;
				CLANG_WARN_DIRECT_OBJC_ISA_USAGE = YES_ERROR;
				CLANG_WARN_DOCUMENTATION_COMMENTS = YES;
				CLANG_WARN_EMPTY_BODY = YES;
				CLANG_WARN_ENUM_CONVERSION = YES;
				CLANG_WARN_INFINITE_RECURSION = YES;
				CLANG_WARN_INT_CONVERSION = YES;
				CLANG_WARN_NON_LITERAL_NULL_CONVERSION = YES;
				CLANG_WARN_OBJC_IMPLICIT_RETAIN_SELF = YES;
				CLANG_WARN_OBJC_LITERAL_CONVERSION = YES;
				CLANG_WARN_OBJC_ROOT_CLASS = YES_ERROR;
				CLANG_WARN_QUOTED_INCLUDE_IN_FRAMEWORK_HEADER = YES;
				CLANG_WARN_RANGE_LOOP_ANALYSIS = YES;
				CLANG_WARN_STRICT_PROTOTYPES = YES;
				CLANG_WARN_SUSPICIOUS_MOVE = YES;
				CLANG_WARN_UNGUARDED_AVAILABILITY = YES_AGGRESSIVE;
				CLANG_WARN_UNREACHABLE_CODE = YES;
				CLANG_WARN__DUPLICATE_METHOD_MATCH = YES;
				COPY_PHASE_STRIP = NO;
				DEBUG_INFORMATION_FORMAT = dwarf;
				ENABLE_STRICT_OBJC_MSGSEND = YES;
				ENABLE_TESTABILITY = YES;
				GCC_C_LANGUAGE_STANDARD = gnu11;
				GCC_DYNAMIC_NO_PIC = NO;
				GCC_NO_COMMON_BLOCKS = YES;
				GCC_OPTIMIZATION_LEVEL = 0;
				GCC_PREPROCESSOR_DEFINITIONS = (
					"DEBUG=1",
					"$(inherited)",
				);
				GCC_WARN_64_TO_32_BIT_CONVERSION = YES;
				GCC_WARN_ABOUT_RETURN_TYPE = YES_ERROR;
				GCC_WARN_UNDECLARED_SELECTOR = YES;
				GCC_WARN_UNINITIALIZED_AUTOS = YES_AGGRESSIVE;
				GCC_WARN_UNUSED_FUNCTION = YES;
				GCC_WARN_UNUSED_VARIABLE = YES;
				IPHONEOS_DEPLOYMENT_TARGET = 15.4;
				MTL_ENABLE_DEBUG_INFO = INCLUDE_SOURCE;
				MTL_FAST_MATH = YES;
				ONLY_ACTIVE_ARCH = YES;
				SDKROOT = iphoneos;
				SWIFT_ACTIVE_COMPILATION_CONDITIONS = DEBUG;
				SWIFT_OPTIMIZATION_LEVEL = "-Onone";
			};
			name = Debug;
		};
		6DD2E1052853D49C0040BAE8 /* Release */ = {
			isa = XCBuildConfiguration;
			buildSettings = {
				ALWAYS_SEARCH_USER_PATHS = NO;
				CLANG_ANALYZER_NONNULL = YES;
				CLANG_ANALYZER_NUMBER_OBJECT_CONVERSION = YES_AGGRESSIVE;
				CLANG_CXX_LANGUAGE_STANDARD = "gnu++17";
				CLANG_ENABLE_MODULES = YES;
				CLANG_ENABLE_OBJC_ARC = YES;
				CLANG_ENABLE_OBJC_WEAK = YES;
				CLANG_WARN_BLOCK_CAPTURE_AUTORELEASING = YES;
				CLANG_WARN_BOOL_CONVERSION = YES;
				CLANG_WARN_COMMA = YES;
				CLANG_WARN_CONSTANT_CONVERSION = YES;
				CLANG_WARN_DEPRECATED_OBJC_IMPLEMENTATIONS = YES;
				CLANG_WARN_DIRECT_OBJC_ISA_USAGE = YES_ERROR;
				CLANG_WARN_DOCUMENTATION_COMMENTS = YES;
				CLANG_WARN_EMPTY_BODY = YES;
				CLANG_WARN_ENUM_CONVERSION = YES;
				CLANG_WARN_INFINITE_RECURSION = YES;
				CLANG_WARN_INT_CONVERSION = YES;
				CLANG_WARN_NON_LITERAL_NULL_CONVERSION = YES;
				CLANG_WARN_OBJC_IMPLICIT_RETAIN_SELF = YES;
				CLANG_WARN_OBJC_LITERAL_CONVERSION = YES;
				CLANG_WARN_OBJC_ROOT_CLASS = YES_ERROR;
				CLANG_WARN_QUOTED_INCLUDE_IN_FRAMEWORK_HEADER = YES;
				CLANG_WARN_RANGE_LOOP_ANALYSIS = YES;
				CLANG_WARN_STRICT_PROTOTYPES = YES;
				CLANG_WARN_SUSPICIOUS_MOVE = YES;
				CLANG_WARN_UNGUARDED_AVAILABILITY = YES_AGGRESSIVE;
				CLANG_WARN_UNREACHABLE_CODE = YES;
				CLANG_WARN__DUPLICATE_METHOD_MATCH = YES;
				COPY_PHASE_STRIP = NO;
				DEBUG_INFORMATION_FORMAT = "dwarf-with-dsym";
				ENABLE_NS_ASSERTIONS = NO;
				ENABLE_STRICT_OBJC_MSGSEND = YES;
				GCC_C_LANGUAGE_STANDARD = gnu11;
				GCC_NO_COMMON_BLOCKS = YES;
				GCC_WARN_64_TO_32_BIT_CONVERSION = YES;
				GCC_WARN_ABOUT_RETURN_TYPE = YES_ERROR;
				GCC_WARN_UNDECLARED_SELECTOR = YES;
				GCC_WARN_UNINITIALIZED_AUTOS = YES_AGGRESSIVE;
				GCC_WARN_UNUSED_FUNCTION = YES;
				GCC_WARN_UNUSED_VARIABLE = YES;
				IPHONEOS_DEPLOYMENT_TARGET = 15.4;
				MTL_ENABLE_DEBUG_INFO = NO;
				MTL_FAST_MATH = YES;
				SDKROOT = iphoneos;
				SWIFT_COMPILATION_MODE = wholemodule;
				SWIFT_OPTIMIZATION_LEVEL = "-O";
				VALIDATE_PRODUCT = YES;
			};
			name = Release;
		};
		6DD2E1072853D49C0040BAE8 /* Debug */ = {
			isa = XCBuildConfiguration;
			buildSettings = {
				ASSETCATALOG_COMPILER_APPICON_NAME = AppIcon;
				ASSETCATALOG_COMPILER_GLOBAL_ACCENT_COLOR_NAME = AccentColor;
				CODE_SIGN_STYLE = Automatic;
				CURRENT_PROJECT_VERSION = 1;
				DEVELOPMENT_TEAM = 6KPXJJT2Z8;
				GENERATE_INFOPLIST_FILE = YES;
				INFOPLIST_FILE = DogAPI/Info.plist;
				INFOPLIST_KEY_UIApplicationSupportsIndirectInputEvents = YES;
				INFOPLIST_KEY_UILaunchStoryboardName = LaunchScreen;
				INFOPLIST_KEY_UIMainStoryboardFile = Main;
				INFOPLIST_KEY_UISupportedInterfaceOrientations_iPad = "UIInterfaceOrientationPortrait UIInterfaceOrientationPortraitUpsideDown UIInterfaceOrientationLandscapeLeft UIInterfaceOrientationLandscapeRight";
				INFOPLIST_KEY_UISupportedInterfaceOrientations_iPhone = "UIInterfaceOrientationPortrait UIInterfaceOrientationLandscapeLeft UIInterfaceOrientationLandscapeRight";
				LD_RUNPATH_SEARCH_PATHS = (
					"$(inherited)",
					"@executable_path/Frameworks",
				);
				MARKETING_VERSION = 1.0;
				PRODUCT_BUNDLE_IDENTIFIER = "com.one.lab-1.DogAPI";
				PRODUCT_NAME = "$(TARGET_NAME)";
				SWIFT_EMIT_LOC_STRINGS = YES;
				SWIFT_VERSION = 5.0;
				TARGETED_DEVICE_FAMILY = "1,2";
			};
			name = Debug;
		};
		6DD2E1082853D49C0040BAE8 /* Release */ = {
			isa = XCBuildConfiguration;
			buildSettings = {
				ASSETCATALOG_COMPILER_APPICON_NAME = AppIcon;
				ASSETCATALOG_COMPILER_GLOBAL_ACCENT_COLOR_NAME = AccentColor;
				CODE_SIGN_STYLE = Automatic;
				CURRENT_PROJECT_VERSION = 1;
				DEVELOPMENT_TEAM = 6KPXJJT2Z8;
				GENERATE_INFOPLIST_FILE = YES;
				INFOPLIST_FILE = DogAPI/Info.plist;
				INFOPLIST_KEY_UIApplicationSupportsIndirectInputEvents = YES;
				INFOPLIST_KEY_UILaunchStoryboardName = LaunchScreen;
				INFOPLIST_KEY_UIMainStoryboardFile = Main;
				INFOPLIST_KEY_UISupportedInterfaceOrientations_iPad = "UIInterfaceOrientationPortrait UIInterfaceOrientationPortraitUpsideDown UIInterfaceOrientationLandscapeLeft UIInterfaceOrientationLandscapeRight";
				INFOPLIST_KEY_UISupportedInterfaceOrientations_iPhone = "UIInterfaceOrientationPortrait UIInterfaceOrientationLandscapeLeft UIInterfaceOrientationLandscapeRight";
				LD_RUNPATH_SEARCH_PATHS = (
					"$(inherited)",
					"@executable_path/Frameworks",
				);
				MARKETING_VERSION = 1.0;
				PRODUCT_BUNDLE_IDENTIFIER = "com.one.lab-1.DogAPI";
				PRODUCT_NAME = "$(TARGET_NAME)";
				SWIFT_EMIT_LOC_STRINGS = YES;
				SWIFT_VERSION = 5.0;
				TARGETED_DEVICE_FAMILY = "1,2";
			};
			name = Release;
		};
/* End XCBuildConfiguration section */

/* Begin XCConfigurationList section */
		6DD2E0ED2853D48A0040BAE8 /* Build configuration list for PBXProject "DogAPI" */ = {
			isa = XCConfigurationList;
			buildConfigurations = (
				6DD2E1042853D49C0040BAE8 /* Debug */,
				6DD2E1052853D49C0040BAE8 /* Release */,
			);
			defaultConfigurationIsVisible = 0;
			defaultConfigurationName = Release;
		};
		6DD2E1062853D49C0040BAE8 /* Build configuration list for PBXNativeTarget "DogAPI" */ = {
			isa = XCConfigurationList;
			buildConfigurations = (
				6DD2E1072853D49C0040BAE8 /* Debug */,
				6DD2E1082853D49C0040BAE8 /* Release */,
			);
			defaultConfigurationIsVisible = 0;
			defaultConfigurationName = Release;
		};
/* End XCConfigurationList section */
	};
	rootObject = 6DD2E0EA2853D48A0040BAE8 /* Project object */;
}
